// !$*UTF8*$!
{
	archiveVersion = 1;
	classes = {
	};
	objectVersion = 52;
	objects = {

/* Begin PBXBuildFile section */
		1226C58C2AD0E0B5EA4E8B94 /* Pods_FlowApp.framework in Frameworks */ = {isa = PBXBuildFile; fileRef = 42E94D10020AC2AF164AEA56 /* Pods_FlowApp.framework */; };
		AE449BCE249108F300414898 /* AppDelegate.swift in Sources */ = {isa = PBXBuildFile; fileRef = AE449BCD249108F300414898 /* AppDelegate.swift */; };
		AE449BD0249108F300414898 /* SceneDelegate.swift in Sources */ = {isa = PBXBuildFile; fileRef = AE449BCF249108F300414898 /* SceneDelegate.swift */; };
		AE449BD2249108F300414898 /* ViewController.swift in Sources */ = {isa = PBXBuildFile; fileRef = AE449BD1249108F300414898 /* ViewController.swift */; };
		AE449BD5249108F300414898 /* Main.storyboard in Resources */ = {isa = PBXBuildFile; fileRef = AE449BD3249108F300414898 /* Main.storyboard */; };
		AE449BD7249108F600414898 /* Assets.xcassets in Resources */ = {isa = PBXBuildFile; fileRef = AE449BD6249108F600414898 /* Assets.xcassets */; };
		AE449BDA249108F600414898 /* LaunchScreen.storyboard in Resources */ = {isa = PBXBuildFile; fileRef = AE449BD8249108F600414898 /* LaunchScreen.storyboard */; };
		AE449BE224910C2E00414898 /* Memo.swift in Sources */ = {isa = PBXBuildFile; fileRef = AE449BE124910C2E00414898 /* Memo.swift */; };
		AE449BE624910CB000414898 /* MemoCollection.swift in Sources */ = {isa = PBXBuildFile; fileRef = AE449BE524910CB000414898 /* MemoCollection.swift */; };
		AE449BE824910DB200414898 /* WritePopupViewController.swift in Sources */ = {isa = PBXBuildFile; fileRef = AE449BE724910DB200414898 /* WritePopupViewController.swift */; };
		AE449BEB2491272500414898 /* DB.swift in Sources */ = {isa = PBXBuildFile; fileRef = AE449BEA2491272500414898 /* DB.swift */; };
		AE449BEE2491359100414898 /* Realm in Frameworks */ = {isa = PBXBuildFile; productRef = AE449BED2491359100414898 /* Realm */; };
		AE449BF02491359100414898 /* RealmSwift in Frameworks */ = {isa = PBXBuildFile; productRef = AE449BEF2491359100414898 /* RealmSwift */; };
		AE449BF224920C6800414898 /* DetailViewController.swift in Sources */ = {isa = PBXBuildFile; fileRef = AE449BF124920C6800414898 /* DetailViewController.swift */; };
/* End PBXBuildFile section */

/* Begin PBXFileReference section */
		42E94D10020AC2AF164AEA56 /* Pods_FlowApp.framework */ = {isa = PBXFileReference; explicitFileType = wrapper.framework; includeInIndex = 0; path = Pods_FlowApp.framework; sourceTree = BUILT_PRODUCTS_DIR; };
		600E3D0C5077A9AE0C944886 /* Pods-FlowApp.debug.xcconfig */ = {isa = PBXFileReference; includeInIndex = 1; lastKnownFileType = text.xcconfig; name = "Pods-FlowApp.debug.xcconfig"; path = "Target Support Files/Pods-FlowApp/Pods-FlowApp.debug.xcconfig"; sourceTree = "<group>"; };
		707254104532542CB9E5947F /* Pods-FlowApp.release.xcconfig */ = {isa = PBXFileReference; includeInIndex = 1; lastKnownFileType = text.xcconfig; name = "Pods-FlowApp.release.xcconfig"; path = "Target Support Files/Pods-FlowApp/Pods-FlowApp.release.xcconfig"; sourceTree = "<group>"; };
		AE449BCA249108F300414898 /* FlowApp.app */ = {isa = PBXFileReference; explicitFileType = wrapper.application; includeInIndex = 0; path = FlowApp.app; sourceTree = BUILT_PRODUCTS_DIR; };
		AE449BCD249108F300414898 /* AppDelegate.swift */ = {isa = PBXFileReference; lastKnownFileType = sourcecode.swift; path = AppDelegate.swift; sourceTree = "<group>"; };
		AE449BCF249108F300414898 /* SceneDelegate.swift */ = {isa = PBXFileReference; lastKnownFileType = sourcecode.swift; path = SceneDelegate.swift; sourceTree = "<group>"; };
		AE449BD1249108F300414898 /* ViewController.swift */ = {isa = PBXFileReference; lastKnownFileType = sourcecode.swift; path = ViewController.swift; sourceTree = "<group>"; };
		AE449BD4249108F300414898 /* Base */ = {isa = PBXFileReference; lastKnownFileType = file.storyboard; name = Base; path = Base.lproj/Main.storyboard; sourceTree = "<group>"; };
		AE449BD6249108F600414898 /* Assets.xcassets */ = {isa = PBXFileReference; lastKnownFileType = folder.assetcatalog; path = Assets.xcassets; sourceTree = "<group>"; };
		AE449BD9249108F600414898 /* Base */ = {isa = PBXFileReference; lastKnownFileType = file.storyboard; name = Base; path = Base.lproj/LaunchScreen.storyboard; sourceTree = "<group>"; };
		AE449BDB249108F600414898 /* Info.plist */ = {isa = PBXFileReference; lastKnownFileType = text.plist.xml; path = Info.plist; sourceTree = "<group>"; };
		AE449BE124910C2E00414898 /* Memo.swift */ = {isa = PBXFileReference; lastKnownFileType = sourcecode.swift; path = Memo.swift; sourceTree = "<group>"; };
		AE449BE524910CB000414898 /* MemoCollection.swift */ = {isa = PBXFileReference; lastKnownFileType = sourcecode.swift; path = MemoCollection.swift; sourceTree = "<group>"; };
		AE449BE724910DB200414898 /* WritePopupViewController.swift */ = {isa = PBXFileReference; lastKnownFileType = sourcecode.swift; path = WritePopupViewController.swift; sourceTree = "<group>"; };
		AE449BEA2491272500414898 /* DB.swift */ = {isa = PBXFileReference; lastKnownFileType = sourcecode.swift; path = DB.swift; sourceTree = "<group>"; };
		AE449BF124920C6800414898 /* DetailViewController.swift */ = {isa = PBXFileReference; lastKnownFileType = sourcecode.swift; path = DetailViewController.swift; sourceTree = "<group>"; };
/* End PBXFileReference section */

/* Begin PBXFrameworksBuildPhase section */
		AE449BC7249108F300414898 /* Frameworks */ = {
			isa = PBXFrameworksBuildPhase;
			buildActionMask = 2147483647;
			files = (
				AE449BF02491359100414898 /* RealmSwift in Frameworks */,
				AE449BEE2491359100414898 /* Realm in Frameworks */,
				1226C58C2AD0E0B5EA4E8B94 /* Pods_FlowApp.framework in Frameworks */,
			);
			runOnlyForDeploymentPostprocessing = 0;
		};
/* End PBXFrameworksBuildPhase section */

/* Begin PBXGroup section */
		879A6B983C26200C901F239F /* Frameworks */ = {
			isa = PBXGroup;
			children = (
				42E94D10020AC2AF164AEA56 /* Pods_FlowApp.framework */,
			);
			name = Frameworks;
			sourceTree = "<group>";
		};
		AE449BC1249108F300414898 = {
			isa = PBXGroup;
			children = (
				AE449BCC249108F300414898 /* FlowApp */,
				AE449BCB249108F300414898 /* Products */,
				EEAF54DF2B8FB699648D3FE2 /* Pods */,
				879A6B983C26200C901F239F /* Frameworks */,
			);
			sourceTree = "<group>";
		};
		AE449BCB249108F300414898 /* Products */ = {
			isa = PBXGroup;
			children = (
				AE449BCA249108F300414898 /* FlowApp.app */,
			);
			name = Products;
			sourceTree = "<group>";
		};
		AE449BCC249108F300414898 /* FlowApp */ = {
			isa = PBXGroup;
			children = (
				AE449BCD249108F300414898 /* AppDelegate.swift */,
				AE449BCF249108F300414898 /* SceneDelegate.swift */,
				AE449BE92491271300414898 /* DB */,
				AE449BE424910C4200414898 /* Controller */,
				AE449BE324910C3500414898 /* Model */,
				AE449BD3249108F300414898 /* Main.storyboard */,
				AE449BD6249108F600414898 /* Assets.xcassets */,
				AE449BD8249108F600414898 /* LaunchScreen.storyboard */,
				AE449BDB249108F600414898 /* Info.plist */,
			);
			path = FlowApp;
			sourceTree = "<group>";
		};
		AE449BE324910C3500414898 /* Model */ = {
			isa = PBXGroup;
			children = (
				AE449BE124910C2E00414898 /* Memo.swift */,
				AE449BE524910CB000414898 /* MemoCollection.swift */,
			);
			path = Model;
			sourceTree = "<group>";
		};
		AE449BE424910C4200414898 /* Controller */ = {
			isa = PBXGroup;
			children = (
				AE449BD1249108F300414898 /* ViewController.swift */,
				AE449BE724910DB200414898 /* WritePopupViewController.swift */,
				AE449BF124920C6800414898 /* DetailViewController.swift */,
			);
			path = Controller;
			sourceTree = "<group>";
		};
		AE449BE92491271300414898 /* DB */ = {
			isa = PBXGroup;
			children = (
				AE449BEA2491272500414898 /* DB.swift */,
			);
			path = DB;
			sourceTree = "<group>";
		};
		EEAF54DF2B8FB699648D3FE2 /* Pods */ = {
			isa = PBXGroup;
			children = (
				600E3D0C5077A9AE0C944886 /* Pods-FlowApp.debug.xcconfig */,
				707254104532542CB9E5947F /* Pods-FlowApp.release.xcconfig */,
			);
			path = Pods;
			sourceTree = "<group>";
		};
/* End PBXGroup section */

/* Begin PBXNativeTarget section */
		AE449BC9249108F300414898 /* FlowApp */ = {
			isa = PBXNativeTarget;
			buildConfigurationList = AE449BDE249108F600414898 /* Build configuration list for PBXNativeTarget "FlowApp" */;
			buildPhases = (
				954E661DD549D461008C0FC7 /* [CP] Check Pods Manifest.lock */,
				AE449BC6249108F300414898 /* Sources */,
				AE449BC7249108F300414898 /* Frameworks */,
				AE449BC8249108F300414898 /* Resources */,
				F339ABD2ADB807E5594D4488 /* [CP] Embed Pods Frameworks */,
			);
			buildRules = (
			);
			dependencies = (
			);
			name = FlowApp;
			packageProductDependencies = (
				AE449BED2491359100414898 /* Realm */,
				AE449BEF2491359100414898 /* RealmSwift */,
			);
			productName = FlowApp;
			productReference = AE449BCA249108F300414898 /* FlowApp.app */;
			productType = "com.apple.product-type.application";
		};
/* End PBXNativeTarget section */

/* Begin PBXProject section */
		AE449BC2249108F300414898 /* Project object */ = {
			isa = PBXProject;
			attributes = {
				LastSwiftUpdateCheck = 1150;
				LastUpgradeCheck = 1150;
				ORGANIZATIONNAME = "Kusunose Hosho";
				TargetAttributes = {
					AE449BC9249108F300414898 = {
						CreatedOnToolsVersion = 11.5;
					};
				};
			};
			buildConfigurationList = AE449BC5249108F300414898 /* Build configuration list for PBXProject "FlowApp" */;
			compatibilityVersion = "Xcode 9.3";
			developmentRegion = en;
			hasScannedForEncodings = 0;
			knownRegions = (
				en,
				Base,
			);
			mainGroup = AE449BC1249108F300414898;
			packageReferences = (
				AE449BEC2491359000414898 /* XCRemoteSwiftPackageReference "realm-cocoa" */,
			);
			productRefGroup = AE449BCB249108F300414898 /* Products */;
			projectDirPath = "";
			projectRoot = "";
			targets = (
				AE449BC9249108F300414898 /* FlowApp */,
			);
		};
/* End PBXProject section */

/* Begin PBXResourcesBuildPhase section */
		AE449BC8249108F300414898 /* Resources */ = {
			isa = PBXResourcesBuildPhase;
			buildActionMask = 2147483647;
			files = (
				AE449BDA249108F600414898 /* LaunchScreen.storyboard in Resources */,
				AE449BD7249108F600414898 /* Assets.xcassets in Resources */,
				AE449BD5249108F300414898 /* Main.storyboard in Resources */,
			);
			runOnlyForDeploymentPostprocessing = 0;
		};
/* End PBXResourcesBuildPhase section */

/* Begin PBXShellScriptBuildPhase section */
		954E661DD549D461008C0FC7 /* [CP] Check Pods Manifest.lock */ = {
			isa = PBXShellScriptBuildPhase;
			buildActionMask = 2147483647;
			files = (
			);
			inputFileListPaths = (
			);
			inputPaths = (
				"${PODS_PODFILE_DIR_PATH}/Podfile.lock",
				"${PODS_ROOT}/Manifest.lock",
			);
			name = "[CP] Check Pods Manifest.lock";
			outputFileListPaths = (
			);
			outputPaths = (
				"$(DERIVED_FILE_DIR)/Pods-FlowApp-checkManifestLockResult.txt",
			);
			runOnlyForDeploymentPostprocessing = 0;
			shellPath = /bin/sh;
			shellScript = "diff \"${PODS_PODFILE_DIR_PATH}/Podfile.lock\" \"${PODS_ROOT}/Manifest.lock\" > /dev/null\nif [ $? != 0 ] ; then\n    # print error to STDERR\n    echo \"error: The sandbox is not in sync with the Podfile.lock. Run 'pod install' or update your CocoaPods installation.\" >&2\n    exit 1\nfi\n# This output is used by Xcode 'outputs' to avoid re-running this script phase.\necho \"SUCCESS\" > \"${SCRIPT_OUTPUT_FILE_0}\"\n";
			showEnvVarsInLog = 0;
		};
		F339ABD2ADB807E5594D4488 /* [CP] Embed Pods Frameworks */ = {
			isa = PBXShellScriptBuildPhase;
			buildActionMask = 2147483647;
			files = (
			);
			inputFileListPaths = (
				"${PODS_ROOT}/Target Support Files/Pods-FlowApp/Pods-FlowApp-frameworks-${CONFIGURATION}-input-files.xcfilelist",
			);
			name = "[CP] Embed Pods Frameworks";
			outputFileListPaths = (
				"${PODS_ROOT}/Target Support Files/Pods-FlowApp/Pods-FlowApp-frameworks-${CONFIGURATION}-output-files.xcfilelist",
			);
			runOnlyForDeploymentPostprocessing = 0;
			shellPath = /bin/sh;
			shellScript = "\"${PODS_ROOT}/Target Support Files/Pods-FlowApp/Pods-FlowApp-frameworks.sh\"\n";
			showEnvVarsInLog = 0;
		};
/* End PBXShellScriptBuildPhase section */

/* Begin PBXSourcesBuildPhase section */
		AE449BC6249108F300414898 /* Sources */ = {
			isa = PBXSourcesBuildPhase;
			buildActionMask = 2147483647;
			files = (
				AE449BD2249108F300414898 /* ViewController.swift in Sources */,
				AE449BCE249108F300414898 /* AppDelegate.swift in Sources */,
				AE449BEB2491272500414898 /* DB.swift in Sources */,
				AE449BD0249108F300414898 /* SceneDelegate.swift in Sources */,
				AE449BE824910DB200414898 /* WritePopupViewController.swift in Sources */,
				AE449BE624910CB000414898 /* MemoCollection.swift in Sources */,
				AE449BE224910C2E00414898 /* Memo.swift in Sources */,
				AE449BF224920C6800414898 /* DetailViewController.swift in Sources */,
			);
			runOnlyForDeploymentPostprocessing = 0;
		};
/* End PBXSourcesBuildPhase section */

/* Begin PBXVariantGroup section */
		AE449BD3249108F300414898 /* Main.storyboard */ = {
			isa = PBXVariantGroup;
			children = (
				AE449BD4249108F300414898 /* Base */,
			);
			name = Main.storyboard;
			sourceTree = "<group>";
		};
		AE449BD8249108F600414898 /* LaunchScreen.storyboard */ = {
			isa = PBXVariantGroup;
			children = (
				AE449BD9249108F600414898 /* Base */,
			);
			name = LaunchScreen.storyboard;
			sourceTree = "<group>";
		};
/* End PBXVariantGroup section */

/* Begin XCBuildConfiguration section */
		AE449BDC249108F600414898 /* Debug */ = {
			isa = XCBuildConfiguration;
			buildSettings = {
				ALWAYS_SEARCH_USER_PATHS = NO;
				CLANG_ANALYZER_NONNULL = YES;
				CLANG_ANALYZER_NUMBER_OBJECT_CONVERSION = YES_AGGRESSIVE;
				CLANG_CXX_LANGUAGE_STANDARD = "gnu++14";
				CLANG_CXX_LIBRARY = "libc++";
				CLANG_ENABLE_MODULES = YES;
				CLANG_ENABLE_OBJC_ARC = YES;
				CLANG_ENABLE_OBJC_WEAK = YES;
				CLANG_WARN_BLOCK_CAPTURE_AUTORELEASING = YES;
				CLANG_WARN_BOOL_CONVERSION = YES;
				CLANG_WARN_COMMA = YES;
				CLANG_WARN_CONSTANT_CONVERSION = YES;
				CLANG_WARN_DEPRECATED_OBJC_IMPLEMENTATIONS = YES;
				CLANG_WARN_DIRECT_OBJC_ISA_USAGE = YES_ERROR;
				CLANG_WARN_DOCUMENTATION_COMMENTS = YES;
				CLANG_WARN_EMPTY_BODY = YES;
				CLANG_WARN_ENUM_CONVERSION = YES;
				CLANG_WARN_INFINITE_RECURSION = YES;
				CLANG_WARN_INT_CONVERSION = YES;
				CLANG_WARN_NON_LITERAL_NULL_CONVERSION = YES;
				CLANG_WARN_OBJC_IMPLICIT_RETAIN_SELF = YES;
				CLANG_WARN_OBJC_LITERAL_CONVERSION = YES;
				CLANG_WARN_OBJC_ROOT_CLASS = YES_ERROR;
				CLANG_WARN_RANGE_LOOP_ANALYSIS = YES;
				CLANG_WARN_STRICT_PROTOTYPES = YES;
				CLANG_WARN_SUSPICIOUS_MOVE = YES;
				CLANG_WARN_UNGUARDED_AVAILABILITY = YES_AGGRESSIVE;
				CLANG_WARN_UNREACHABLE_CODE = YES;
				CLANG_WARN__DUPLICATE_METHOD_MATCH = YES;
				COPY_PHASE_STRIP = NO;
				DEBUG_INFORMATION_FORMAT = dwarf;
				ENABLE_STRICT_OBJC_MSGSEND = YES;
				ENABLE_TESTABILITY = YES;
				GCC_C_LANGUAGE_STANDARD = gnu11;
				GCC_DYNAMIC_NO_PIC = NO;
				GCC_NO_COMMON_BLOCKS = YES;
				GCC_OPTIMIZATION_LEVEL = 0;
				GCC_PREPROCESSOR_DEFINITIONS = (
					"DEBUG=1",
					"$(inherited)",
				);
				GCC_WARN_64_TO_32_BIT_CONVERSION = YES;
				GCC_WARN_ABOUT_RETURN_TYPE = YES_ERROR;
				GCC_WARN_UNDECLARED_SELECTOR = YES;
				GCC_WARN_UNINITIALIZED_AUTOS = YES_AGGRESSIVE;
				GCC_WARN_UNUSED_FUNCTION = YES;
				GCC_WARN_UNUSED_VARIABLE = YES;
				IPHONEOS_DEPLOYMENT_TARGET = 13.5;
				MTL_ENABLE_DEBUG_INFO = INCLUDE_SOURCE;
				MTL_FAST_MATH = YES;
				ONLY_ACTIVE_ARCH = YES;
				SDKROOT = iphoneos;
				SWIFT_ACTIVE_COMPILATION_CONDITIONS = DEBUG;
				SWIFT_OPTIMIZATION_LEVEL = "-Onone";
			};
			name = Debug;
		};
		AE449BDD249108F600414898 /* Release */ = {
			isa = XCBuildConfiguration;
			buildSettings = {
				ALWAYS_SEARCH_USER_PATHS = NO;
				CLANG_ANALYZER_NONNULL = YES;
				CLANG_ANALYZER_NUMBER_OBJECT_CONVERSION = YES_AGGRESSIVE;
				CLANG_CXX_LANGUAGE_STANDARD = "gnu++14";
				CLANG_CXX_LIBRARY = "libc++";
				CLANG_ENABLE_MODULES = YES;
				CLANG_ENABLE_OBJC_ARC = YES;
				CLANG_ENABLE_OBJC_WEAK = YES;
				CLANG_WARN_BLOCK_CAPTURE_AUTORELEASING = YES;
				CLANG_WARN_BOOL_CONVERSION = YES;
				CLANG_WARN_COMMA = YES;
				CLANG_WARN_CONSTANT_CONVERSION = YES;
				CLANG_WARN_DEPRECATED_OBJC_IMPLEMENTATIONS = YES;
				CLANG_WARN_DIRECT_OBJC_ISA_USAGE = YES_ERROR;
				CLANG_WARN_DOCUMENTATION_COMMENTS = YES;
				CLANG_WARN_EMPTY_BODY = YES;
				CLANG_WARN_ENUM_CONVERSION = YES;
				CLANG_WARN_INFINITE_RECURSION = YES;
				CLANG_WARN_INT_CONVERSION = YES;
				CLANG_WARN_NON_LITERAL_NULL_CONVERSION = YES;
				CLANG_WARN_OBJC_IMPLICIT_RETAIN_SELF = YES;
				CLANG_WARN_OBJC_LITERAL_CONVERSION = YES;
				CLANG_WARN_OBJC_ROOT_CLASS = YES_ERROR;
				CLANG_WARN_RANGE_LOOP_ANALYSIS = YES;
				CLANG_WARN_STRICT_PROTOTYPES = YES;
				CLANG_WARN_SUSPICIOUS_MOVE = YES;
				CLANG_WARN_UNGUARDED_AVAILABILITY = YES_AGGRESSIVE;
				CLANG_WARN_UNREACHABLE_CODE = YES;
				CLANG_WARN__DUPLICATE_METHOD_MATCH = YES;
				COPY_PHASE_STRIP = NO;
				DEBUG_INFORMATION_FORMAT = "dwarf-with-dsym";
				ENABLE_NS_ASSERTIONS = NO;
				ENABLE_STRICT_OBJC_MSGSEND = YES;
				GCC_C_LANGUAGE_STANDARD = gnu11;
				GCC_NO_COMMON_BLOCKS = YES;
				GCC_WARN_64_TO_32_BIT_CONVERSION = YES;
				GCC_WARN_ABOUT_RETURN_TYPE = YES_ERROR;
				GCC_WARN_UNDECLARED_SELECTOR = YES;
				GCC_WARN_UNINITIALIZED_AUTOS = YES_AGGRESSIVE;
				GCC_WARN_UNUSED_FUNCTION = YES;
				GCC_WARN_UNUSED_VARIABLE = YES;
				IPHONEOS_DEPLOYMENT_TARGET = 13.5;
				MTL_ENABLE_DEBUG_INFO = NO;
				MTL_FAST_MATH = YES;
				SDKROOT = iphoneos;
				SWIFT_COMPILATION_MODE = wholemodule;
				SWIFT_OPTIMIZATION_LEVEL = "-O";
				VALIDATE_PRODUCT = YES;
			};
			name = Release;
		};
		AE449BDF249108F600414898 /* Debug */ = {
			isa = XCBuildConfiguration;
			baseConfigurationReference = 600E3D0C5077A9AE0C944886 /* Pods-FlowApp.debug.xcconfig */;
			buildSettings = {
				ASSETCATALOG_COMPILER_APPICON_NAME = AppIcon;
				CODE_SIGN_STYLE = Automatic;
				DEVELOPMENT_TEAM = F37685AA55;
				INFOPLIST_FILE = FlowApp/Info.plist;
				LD_RUNPATH_SEARCH_PATHS = (
					"$(inherited)",
					"@executable_path/Frameworks",
				);
				PRODUCT_BUNDLE_IDENTIFIER = app.kusunose.hosho.FlowApp;
				PRODUCT_NAME = "$(TARGET_NAME)";
				SWIFT_VERSION = 5.0;
				TARGETED_DEVICE_FAMILY = "1,2";
			};
			name = Debug;
		};
		AE449BE0249108F600414898 /* Release */ = {
			isa = XCBuildConfiguration;
			baseConfigurationReference = 707254104532542CB9E5947F /* Pods-FlowApp.release.xcconfig */;
			buildSettings = {
				ASSETCATALOG_COMPILER_APPICON_NAME = AppIcon;
				CODE_SIGN_STYLE = Automatic;
				DEVELOPMENT_TEAM = F37685AA55;
				INFOPLIST_FILE = FlowApp/Info.plist;
				LD_RUNPATH_SEARCH_PATHS = (
					"$(inherited)",
					"@executable_path/Frameworks",
				);
				PRODUCT_BUNDLE_IDENTIFIER = app.kusunose.hosho.FlowApp;
				PRODUCT_NAME = "$(TARGET_NAME)";
				SWIFT_VERSION = 5.0;
				TARGETED_DEVICE_FAMILY = "1,2";
			};
			name = Release;
		};
/* End XCBuildConfiguration section */

/* Begin XCConfigurationList section */
		AE449BC5249108F300414898 /* Build configuration list for PBXProject "FlowApp" */ = {
			isa = XCConfigurationList;
			buildConfigurations = (
				AE449BDC249108F600414898 /* Debug */,
				AE449BDD249108F600414898 /* Release */,
			);
			defaultConfigurationIsVisible = 0;
			defaultConfigurationName = Release;
		};
		AE449BDE249108F600414898 /* Build configuration list for PBXNativeTarget "FlowApp" */ = {
			isa = XCConfigurationList;
			buildConfigurations = (
				AE449BDF249108F600414898 /* Debug */,
				AE449BE0249108F600414898 /* Release */,
			);
			defaultConfigurationIsVisible = 0;
			defaultConfigurationName = Release;
		};
/* End XCConfigurationList section */

/* Begin XCRemoteSwiftPackageReference section */
		AE449BEC2491359000414898 /* XCRemoteSwiftPackageReference "realm-cocoa" */ = {
			isa = XCRemoteSwiftPackageReference;
			repositoryURL = "https://github.com/realm/realm-cocoa";
			requirement = {
				kind = upToNextMajorVersion;
				minimumVersion = 5.0.2;
			};
		};
/* End XCRemoteSwiftPackageReference section */

/* Begin XCSwiftPackageProductDependency section */
		AE449BED2491359100414898 /* Realm */ = {
			isa = XCSwiftPackageProductDependency;
			package = AE449BEC2491359000414898 /* XCRemoteSwiftPackageReference "realm-cocoa" */;
			productName = Realm;
		};
		AE449BEF2491359100414898 /* RealmSwift */ = {
			isa = XCSwiftPackageProductDependency;
			package = AE449BEC2491359000414898 /* XCRemoteSwiftPackageReference "realm-cocoa" */;
			productName = RealmSwift;
		};
/* End XCSwiftPackageProductDependency section */
	};
	rootObject = AE449BC2249108F300414898 /* Project object */;
}
